<?xml version="1.0" encoding="UTF-8" standalone="yes" ?>
<CodeBlocks_project_file>
   <FileVersion major="1" minor="6" />
   <Project>
      <Option title="LLVMJIT" />
      <Option makefile_is_custom="1" />
      <Option compiler="gcc" />
      <Option virtualFolders="CMake Files\;CMake Files\ArchImpl\;CMake Files\ArchImpl\ARMv6M\;CMake Files\ArchImpl\OR1K\;CMake Files\include\;CMake Files\include\etiss\;CMake Files\include\etiss\interfaces\;CMake Files\include\etiss\fpu\;CMake Files\include\etiss\IntegratedLibrary\;CMake Files\include\etiss\IntegratedLibrary\fault\;CMake Files\include\etiss\IntegratedLibrary\errorInjection\;CMake Files\include\etiss\IntegratedLibrary\gdb\;CMake Files\include\etiss\helper\;CMake Files\include\etiss\dox\;CMake Files\include\etiss\fault\;CMake Files\include\etiss\fault\xml\;CMake Files\src\;CMake Files\src\interfaces\;CMake Files\src\fpu\;CMake Files\src\IntegratedLibrary\;CMake Files\src\IntegratedLibrary\fault\;CMake Files\src\IntegratedLibrary\errorInjection\;CMake Files\src\IntegratedLibrary\gdb\;CMake Files\src\fault\;CMake Files\src\fault\xml\;CMake Files\include_c\;CMake Files\include_c\etiss\;CMake Files\include_c\etiss\jit\;CMake Files\include_c\etiss\jit\fpu\;CMake Files\projects\;CMake Files\JITImpl\;CMake Files\JITImpl\TCC\;CMake Files\JITImpl\LLVM\;CMake Files\JITImpl\GCC\;CMake Files\PluginImpl\;CMake Files\examples\;CMake Files\examples\systemc\;CMake Files\examples\SW\;CMake Files\examples\bare_etiss_processor\;CMake Files\systemc\;" />
      <Build>
      <Target title="all">
         <Option working_dir="/nfs/TUEIEDAprojects/SystemDesign/work/virtualprototyping/YurunWu/etiss/0.4.3_lite_CortexM0/install/JITImpl/LLVM" />
         <Option type="4" />
         <MakeCommands>
            <Build command="/usr/bin/gmake -f &quot;/nfs/TUEIEDAprojects/SystemDesign/work/virtualprototyping/YurunWu/etiss/0.4.3_lite_CortexM0/install/JITImpl/LLVM/Makefile&quot;  VERBOSE=1 all" />
            <CompileFile command="/usr/bin/gmake -f &quot;/nfs/TUEIEDAprojects/SystemDesign/work/virtualprototyping/YurunWu/etiss/0.4.3_lite_CortexM0/install/JITImpl/LLVM/Makefile&quot;  VERBOSE=1 &quot;$file&quot;" />
            <Clean command="/usr/bin/gmake -f &quot;/nfs/TUEIEDAprojects/SystemDesign/work/virtualprototyping/YurunWu/etiss/0.4.3_lite_CortexM0/install/JITImpl/LLVM/Makefile&quot;  VERBOSE=1 clean" />
            <DistClean command="/usr/bin/gmake -f &quot;/nfs/TUEIEDAprojects/SystemDesign/work/virtualprototyping/YurunWu/etiss/0.4.3_lite_CortexM0/install/JITImpl/LLVM/Makefile&quot;  VERBOSE=1 clean" />
         </MakeCommands>
      </Target>
      <Target title="LLVMJIT_make">
         <Option working_dir="/nfs/TUEIEDAprojects/SystemDesign/work/virtualprototyping/YurunWu/etiss/0.4.3_lite_CortexM0/install/JITImpl/LLVM" />
         <Option type="4" />
         <MakeCommands>
            <Build command="/usr/bin/gmake -f &quot;/nfs/TUEIEDAprojects/SystemDesign/work/virtualprototyping/YurunWu/etiss/0.4.3_lite_CortexM0/install/JITImpl/LLVM/Makefile&quot;  VERBOSE=1 LLVMJIT_make" />
            <CompileFile command="/usr/bin/gmake -f &quot;/nfs/TUEIEDAprojects/SystemDesign/work/virtualprototyping/YurunWu/etiss/0.4.3_lite_CortexM0/install/JITImpl/LLVM/Makefile&quot;  VERBOSE=1 &quot;$file&quot;" />
            <Clean command="/usr/bin/gmake -f &quot;/nfs/TUEIEDAprojects/SystemDesign/work/virtualprototyping/YurunWu/etiss/0.4.3_lite_CortexM0/install/JITImpl/LLVM/Makefile&quot;  VERBOSE=1 clean" />
            <DistClean command="/usr/bin/gmake -f &quot;/nfs/TUEIEDAprojects/SystemDesign/work/virtualprototyping/YurunWu/etiss/0.4.3_lite_CortexM0/install/JITImpl/LLVM/Makefile&quot;  VERBOSE=1 clean" />
         </MakeCommands>
      </Target>
      <Target title="LLVMJIT_make_genheader">
         <Option output="/nfs/TUEIEDAprojects/SystemDesign/work/virtualprototyping/YurunWu/etiss/0.4.3_lite_CortexM0/install/JITImpl/LLVM/libLLVMJIT_make_genheader.so" prefix_auto="0" extension_auto="0" />
         <Option working_dir="/nfs/TUEIEDAprojects/SystemDesign/work/virtualprototyping/YurunWu/etiss/0.4.3_lite_CortexM0/install/JITImpl/LLVM" />
         <Option object_output="./" />
         <Option type="3" />
         <Option compiler="gcc" />
         <Compiler>
            <Add option="-DETISS_DEBUG=0" />
            <Add directory="/nfs/TUEIEDAprojects/SystemDesign/work/virtualprototyping/YurunWu/etiss/0.4.3_lite_CortexM0/include" />
            <Add directory="/nfs/TUEIEDAprojects/SystemDesign/work/virtualprototyping/YurunWu/etiss/0.4.3_lite_CortexM0/include_c" />
            <Add directory="/nfs/TUEIEDAprojects/SystemDesign/work/virtualprototyping/YurunWu/etiss/0.4.3_lite_CortexM0/install/include" />
            <Add directory="/nfs/TUEIEDAprojects/SystemDesign/work/virtualprototyping/YurunWu/etiss/0.4.3_lite_CortexM0/install/include_c" />
         </Compiler>
         <MakeCommands>
            <Build command="/usr/bin/gmake -f &quot;/nfs/TUEIEDAprojects/SystemDesign/work/virtualprototyping/YurunWu/etiss/0.4.3_lite_CortexM0/install/JITImpl/LLVM/Makefile&quot;  VERBOSE=1 LLVMJIT_make_genheader" />
            <CompileFile command="/usr/bin/gmake -f &quot;/nfs/TUEIEDAprojects/SystemDesign/work/virtualprototyping/YurunWu/etiss/0.4.3_lite_CortexM0/install/JITImpl/LLVM/Makefile&quot;  VERBOSE=1 &quot;$file&quot;" />
            <Clean command="/usr/bin/gmake -f &quot;/nfs/TUEIEDAprojects/SystemDesign/work/virtualprototyping/YurunWu/etiss/0.4.3_lite_CortexM0/install/JITImpl/LLVM/Makefile&quot;  VERBOSE=1 clean" />
            <DistClean command="/usr/bin/gmake -f &quot;/nfs/TUEIEDAprojects/SystemDesign/work/virtualprototyping/YurunWu/etiss/0.4.3_lite_CortexM0/install/JITImpl/LLVM/Makefile&quot;  VERBOSE=1 clean" />
         </MakeCommands>
      </Target>
      <Target title="LLVMJIT_make_genheader/fast">
         <Option output="/nfs/TUEIEDAprojects/SystemDesign/work/virtualprototyping/YurunWu/etiss/0.4.3_lite_CortexM0/install/JITImpl/LLVM/libLLVMJIT_make_genheader.so" prefix_auto="0" extension_auto="0" />
         <Option working_dir="/nfs/TUEIEDAprojects/SystemDesign/work/virtualprototyping/YurunWu/etiss/0.4.3_lite_CortexM0/install/JITImpl/LLVM" />
         <Option object_output="./" />
         <Option type="3" />
         <Option compiler="gcc" />
         <Compiler>
            <Add option="-DETISS_DEBUG=0" />
            <Add directory="/nfs/TUEIEDAprojects/SystemDesign/work/virtualprototyping/YurunWu/etiss/0.4.3_lite_CortexM0/include" />
            <Add directory="/nfs/TUEIEDAprojects/SystemDesign/work/virtualprototyping/YurunWu/etiss/0.4.3_lite_CortexM0/include_c" />
            <Add directory="/nfs/TUEIEDAprojects/SystemDesign/work/virtualprototyping/YurunWu/etiss/0.4.3_lite_CortexM0/install/include" />
            <Add directory="/nfs/TUEIEDAprojects/SystemDesign/work/virtualprototyping/YurunWu/etiss/0.4.3_lite_CortexM0/install/include_c" />
         </Compiler>
         <MakeCommands>
            <Build command="/usr/bin/gmake -f &quot;/nfs/TUEIEDAprojects/SystemDesign/work/virtualprototyping/YurunWu/etiss/0.4.3_lite_CortexM0/install/JITImpl/LLVM/Makefile&quot;  VERBOSE=1 LLVMJIT_make_genheader/fast" />
            <CompileFile command="/usr/bin/gmake -f &quot;/nfs/TUEIEDAprojects/SystemDesign/work/virtualprototyping/YurunWu/etiss/0.4.3_lite_CortexM0/install/JITImpl/LLVM/Makefile&quot;  VERBOSE=1 &quot;$file&quot;" />
            <Clean command="/usr/bin/gmake -f &quot;/nfs/TUEIEDAprojects/SystemDesign/work/virtualprototyping/YurunWu/etiss/0.4.3_lite_CortexM0/install/JITImpl/LLVM/Makefile&quot;  VERBOSE=1 clean" />
            <DistClean command="/usr/bin/gmake -f &quot;/nfs/TUEIEDAprojects/SystemDesign/work/virtualprototyping/YurunWu/etiss/0.4.3_lite_CortexM0/install/JITImpl/LLVM/Makefile&quot;  VERBOSE=1 clean" />
         </MakeCommands>
      </Target>
      </Build>
      <Unit filename="/nfs/TUEIEDAprojects/SystemDesign/work/virtualprototyping/YurunWu/etiss/0.4.3_lite_CortexM0/JITImpl/LLVM/Makefile">
      </Unit>
      <Unit filename="/nfs/TUEIEDAprojects/SystemDesign/work/virtualprototyping/YurunWu/etiss/0.4.3_lite_CortexM0/CMakeLists.txt.project.template">
          <Option virtualFolder="CMake Files\" />
      </Unit>
      <Unit filename="/nfs/TUEIEDAprojects/SystemDesign/work/virtualprototyping/YurunWu/etiss/0.4.3_lite_CortexM0/CMakeLists.txt">
          <Option virtualFolder="CMake Files\" />
      </Unit>
      <Unit filename="/nfs/TUEIEDAprojects/SystemDesign/work/virtualprototyping/YurunWu/etiss/0.4.3_lite_CortexM0/ETISSCMakeFunctions.cmake">
          <Option virtualFolder="CMake Files\" />
      </Unit>
      <Unit filename="/nfs/TUEIEDAprojects/SystemDesign/work/virtualprototyping/YurunWu/etiss/0.4.3_lite_CortexM0/Doxyfile.in">
          <Option virtualFolder="CMake Files\" />
      </Unit>
      <Unit filename="/nfs/TUEIEDAprojects/SystemDesign/work/virtualprototyping/YurunWu/etiss/0.4.3_lite_CortexM0/Doxyfile.in">
          <Option virtualFolder="CMake Files\" />
      </Unit>
      <Unit filename="/nfs/TUEIEDAprojects/SystemDesign/work/virtualprototyping/YurunWu/etiss/0.4.3_lite_CortexM0/ETISSConfig.cmake.in">
          <Option virtualFolder="CMake Files\" />
      </Unit>
      <Unit filename="/nfs/TUEIEDAprojects/SystemDesign/work/virtualprototyping/YurunWu/etiss/0.4.3_lite_CortexM0/ETISSConfigVersion.cmake.in">
          <Option virtualFolder="CMake Files\" />
      </Unit>
      <Unit filename="/nfs/TUEIEDAprojects/SystemDesign/work/virtualprototyping/YurunWu/etiss/0.4.3_lite_CortexM0/ETISS.mk.in">
          <Option virtualFolder="CMake Files\" />
      </Unit>
      <Unit filename="/nfs/TUEIEDAprojects/SystemDesign/work/virtualprototyping/YurunWu/etiss/0.4.3_lite_CortexM0/CMakeLists.txt.project.template">
          <Option virtualFolder="CMake Files\" />
      </Unit>
      <Unit filename="/nfs/TUEIEDAprojects/SystemDesign/work/virtualprototyping/YurunWu/etiss/0.4.3_lite_CortexM0/CMakeLists.txt.project.template">
          <Option virtualFolder="CMake Files\" />
      </Unit>
      <Unit filename="/nfs/TUEIEDAprojects/SystemDesign/work/virtualprototyping/YurunWu/etiss/0.4.3_lite_CortexM0/CMakeLists.txt.project.template">
          <Option virtualFolder="CMake Files\" />
      </Unit>
      <Unit filename="/nfs/TUEIEDAprojects/SystemDesign/work/virtualprototyping/YurunWu/etiss/0.4.3_lite_CortexM0/CMakeLists.txt.project.template">
          <Option virtualFolder="CMake Files\" />
      </Unit>
      <Unit filename="/nfs/TUEIEDAprojects/SystemDesign/work/virtualprototyping/YurunWu/etiss/0.4.3_lite_CortexM0/CMakeLists.txt.project.template">
          <Option virtualFolder="CMake Files\" />
      </Unit>
      <Unit filename="/nfs/TUEIEDAprojects/SystemDesign/work/virtualprototyping/YurunWu/etiss/0.4.3_lite_CortexM0/CMakeLists.txt.project.template">
          <Option virtualFolder="CMake Files\" />
      </Unit>
      <Unit filename="/nfs/TUEIEDAprojects/SystemDesign/work/virtualprototyping/YurunWu/etiss/0.4.3_lite_CortexM0/CMakeLists.txt.project.template">
          <Option virtualFolder="CMake Files\" />
      </Unit>
      <Unit filename="/nfs/TUEIEDAprojects/SystemDesign/work/virtualprototyping/YurunWu/etiss/0.4.3_lite_CortexM0/CMakeLists.txt.project.template">
          <Option virtualFolder="CMake Files\" />
      </Unit>
      <Unit filename="/nfs/TUEIEDAprojects/SystemDesign/work/virtualprototyping/YurunWu/etiss/0.4.3_lite_CortexM0/CMakeLists.txt.project.template">
          <Option virtualFolder="CMake Files\" />
      </Unit>
      <Unit filename="/nfs/TUEIEDAprojects/SystemDesign/work/virtualprototyping/YurunWu/etiss/0.4.3_lite_CortexM0/ArchImpl/CMakeLists.txt">
          <Option virtualFolder="CMake Files\ArchImpl\" />
      </Unit>
      <Unit filename="/nfs/TUEIEDAprojects/SystemDesign/work/virtualprototyping/YurunWu/etiss/0.4.3_lite_CortexM0/ArchImpl/ARMv6M/CMakeLists.txt">
          <Option virtualFolder="CMake Files\ArchImpl\ARMv6M\" />
      </Unit>
      <Unit filename="/nfs/TUEIEDAprojects/SystemDesign/work/virtualprototyping/YurunWu/etiss/0.4.3_lite_CortexM0/ArchImpl/ARMv6M/CMakeLists.txt">
          <Option virtualFolder="CMake Files\ArchImpl\ARMv6M\" />
      </Unit>
      <Unit filename="/nfs/TUEIEDAprojects/SystemDesign/work/virtualprototyping/YurunWu/etiss/0.4.3_lite_CortexM0/ArchImpl/ARMv6M/CMakeLists.txt">
          <Option virtualFolder="CMake Files\ArchImpl\ARMv6M\" />
      </Unit>
      <Unit filename="/nfs/TUEIEDAprojects/SystemDesign/work/virtualprototyping/YurunWu/etiss/0.4.3_lite_CortexM0/ArchImpl/ARMv6M/CMakeLists.txt">
          <Option virtualFolder="CMake Files\ArchImpl\ARMv6M\" />
      </Unit>
      <Unit filename="/nfs/TUEIEDAprojects/SystemDesign/work/virtualprototyping/YurunWu/etiss/0.4.3_lite_CortexM0/ArchImpl/OR1K/CMakeLists.txt">
          <Option virtualFolder="CMake Files\ArchImpl\OR1K\" />
      </Unit>
      <Unit filename="/nfs/TUEIEDAprojects/SystemDesign/work/virtualprototyping/YurunWu/etiss/0.4.3_lite_CortexM0/ArchImpl/OR1K/CMakeLists.txt">
          <Option virtualFolder="CMake Files\ArchImpl\OR1K\" />
      </Unit>
      <Unit filename="/nfs/TUEIEDAprojects/SystemDesign/work/virtualprototyping/YurunWu/etiss/0.4.3_lite_CortexM0/ArchImpl/OR1K/CMakeLists.txt">
          <Option virtualFolder="CMake Files\ArchImpl\OR1K\" />
      </Unit>
      <Unit filename="/nfs/TUEIEDAprojects/SystemDesign/work/virtualprototyping/YurunWu/etiss/0.4.3_lite_CortexM0/ArchImpl/OR1K/CMakeLists.txt">
          <Option virtualFolder="CMake Files\ArchImpl\OR1K\" />
      </Unit>
      <Unit filename="/nfs/TUEIEDAprojects/SystemDesign/work/virtualprototyping/YurunWu/etiss/0.4.3_lite_CortexM0/include/CMakeLists.txt">
          <Option virtualFolder="CMake Files\include\" />
      </Unit>
      <Unit filename="/nfs/TUEIEDAprojects/SystemDesign/work/virtualprototyping/YurunWu/etiss/0.4.3_lite_CortexM0/include/etiss/config.h.in">
          <Option virtualFolder="CMake Files\include\etiss\" />
      </Unit>
      <Unit filename="/nfs/TUEIEDAprojects/SystemDesign/work/virtualprototyping/YurunWu/etiss/0.4.3_lite_CortexM0/include/etiss/CMakeLists.txt">
          <Option virtualFolder="CMake Files\include\etiss\" />
      </Unit>
      <Unit filename="/nfs/TUEIEDAprojects/SystemDesign/work/virtualprototyping/YurunWu/etiss/0.4.3_lite_CortexM0/include/etiss/interfaces/CMakeLists.txt">
          <Option virtualFolder="CMake Files\include\etiss\interfaces\" />
      </Unit>
      <Unit filename="/nfs/TUEIEDAprojects/SystemDesign/work/virtualprototyping/YurunWu/etiss/0.4.3_lite_CortexM0/include/etiss/fpu/CMakeLists.txt">
          <Option virtualFolder="CMake Files\include\etiss\fpu\" />
      </Unit>
      <Unit filename="/nfs/TUEIEDAprojects/SystemDesign/work/virtualprototyping/YurunWu/etiss/0.4.3_lite_CortexM0/include/etiss/IntegratedLibrary/CMakeLists.txt">
          <Option virtualFolder="CMake Files\include\etiss\IntegratedLibrary\" />
      </Unit>
      <Unit filename="/nfs/TUEIEDAprojects/SystemDesign/work/virtualprototyping/YurunWu/etiss/0.4.3_lite_CortexM0/include/etiss/IntegratedLibrary/fault/CMakeLists.txt">
          <Option virtualFolder="CMake Files\include\etiss\IntegratedLibrary\fault\" />
      </Unit>
      <Unit filename="/nfs/TUEIEDAprojects/SystemDesign/work/virtualprototyping/YurunWu/etiss/0.4.3_lite_CortexM0/include/etiss/IntegratedLibrary/errorInjection/CMakeLists.txt">
          <Option virtualFolder="CMake Files\include\etiss\IntegratedLibrary\errorInjection\" />
      </Unit>
      <Unit filename="/nfs/TUEIEDAprojects/SystemDesign/work/virtualprototyping/YurunWu/etiss/0.4.3_lite_CortexM0/include/etiss/IntegratedLibrary/gdb/CMakeLists.txt">
          <Option virtualFolder="CMake Files\include\etiss\IntegratedLibrary\gdb\" />
      </Unit>
      <Unit filename="/nfs/TUEIEDAprojects/SystemDesign/work/virtualprototyping/YurunWu/etiss/0.4.3_lite_CortexM0/include/etiss/helper/CMakeLists.txt">
          <Option virtualFolder="CMake Files\include\etiss\helper\" />
      </Unit>
      <Unit filename="/nfs/TUEIEDAprojects/SystemDesign/work/virtualprototyping/YurunWu/etiss/0.4.3_lite_CortexM0/include/etiss/dox/CMakeLists.txt">
          <Option virtualFolder="CMake Files\include\etiss\dox\" />
      </Unit>
      <Unit filename="/nfs/TUEIEDAprojects/SystemDesign/work/virtualprototyping/YurunWu/etiss/0.4.3_lite_CortexM0/include/etiss/fault/CMakeLists.txt">
          <Option virtualFolder="CMake Files\include\etiss\fault\" />
      </Unit>
      <Unit filename="/nfs/TUEIEDAprojects/SystemDesign/work/virtualprototyping/YurunWu/etiss/0.4.3_lite_CortexM0/include/etiss/fault/xml/CMakeLists.txt">
          <Option virtualFolder="CMake Files\include\etiss\fault\xml\" />
      </Unit>
      <Unit filename="/nfs/TUEIEDAprojects/SystemDesign/work/virtualprototyping/YurunWu/etiss/0.4.3_lite_CortexM0/src/CMakeLists.txt">
          <Option virtualFolder="CMake Files\src\" />
      </Unit>
      <Unit filename="/nfs/TUEIEDAprojects/SystemDesign/work/virtualprototyping/YurunWu/etiss/0.4.3_lite_CortexM0/src/interfaces/CMakeLists.txt">
          <Option virtualFolder="CMake Files\src\interfaces\" />
      </Unit>
      <Unit filename="/nfs/TUEIEDAprojects/SystemDesign/work/virtualprototyping/YurunWu/etiss/0.4.3_lite_CortexM0/src/fpu/CMakeLists.txt">
          <Option virtualFolder="CMake Files\src\fpu\" />
      </Unit>
      <Unit filename="/nfs/TUEIEDAprojects/SystemDesign/work/virtualprototyping/YurunWu/etiss/0.4.3_lite_CortexM0/src/IntegratedLibrary/CMakeLists.txt">
          <Option virtualFolder="CMake Files\src\IntegratedLibrary\" />
      </Unit>
      <Unit filename="/nfs/TUEIEDAprojects/SystemDesign/work/virtualprototyping/YurunWu/etiss/0.4.3_lite_CortexM0/src/IntegratedLibrary/fault/CMakeLists.txt">
          <Option virtualFolder="CMake Files\src\IntegratedLibrary\fault\" />
      </Unit>
      <Unit filename="/nfs/TUEIEDAprojects/SystemDesign/work/virtualprototyping/YurunWu/etiss/0.4.3_lite_CortexM0/src/IntegratedLibrary/errorInjection/CMakeLists.txt">
          <Option virtualFolder="CMake Files\src\IntegratedLibrary\errorInjection\" />
      </Unit>
      <Unit filename="/nfs/TUEIEDAprojects/SystemDesign/work/virtualprototyping/YurunWu/etiss/0.4.3_lite_CortexM0/src/IntegratedLibrary/gdb/CMakeLists.txt">
          <Option virtualFolder="CMake Files\src\IntegratedLibrary\gdb\" />
      </Unit>
      <Unit filename="/nfs/TUEIEDAprojects/SystemDesign/work/virtualprototyping/YurunWu/etiss/0.4.3_lite_CortexM0/src/fault/CMakeLists.txt">
          <Option virtualFolder="CMake Files\src\fault\" />
      </Unit>
      <Unit filename="/nfs/TUEIEDAprojects/SystemDesign/work/virtualprototyping/YurunWu/etiss/0.4.3_lite_CortexM0/src/fault/xml/CMakeLists.txt">
          <Option virtualFolder="CMake Files\src\fault\xml\" />
      </Unit>
      <Unit filename="/nfs/TUEIEDAprojects/SystemDesign/work/virtualprototyping/YurunWu/etiss/0.4.3_lite_CortexM0/include_c/CMakeLists.txt">
          <Option virtualFolder="CMake Files\include_c\" />
      </Unit>
      <Unit filename="/nfs/TUEIEDAprojects/SystemDesign/work/virtualprototyping/YurunWu/etiss/0.4.3_lite_CortexM0/include_c/etiss/CMakeLists.txt">
          <Option virtualFolder="CMake Files\include_c\etiss\" />
      </Unit>
      <Unit filename="/nfs/TUEIEDAprojects/SystemDesign/work/virtualprototyping/YurunWu/etiss/0.4.3_lite_CortexM0/include_c/etiss/jit/CMakeLists.txt">
          <Option virtualFolder="CMake Files\include_c\etiss\jit\" />
      </Unit>
      <Unit filename="/nfs/TUEIEDAprojects/SystemDesign/work/virtualprototyping/YurunWu/etiss/0.4.3_lite_CortexM0/include_c/etiss/jit/fpu/CMakeLists.txt">
          <Option virtualFolder="CMake Files\include_c\etiss\jit\fpu\" />
      </Unit>
      <Unit filename="/nfs/TUEIEDAprojects/SystemDesign/work/virtualprototyping/YurunWu/etiss/0.4.3_lite_CortexM0/projects/CMakeLists.txt">
          <Option virtualFolder="CMake Files\projects\" />
      </Unit>
      <Unit filename="/nfs/TUEIEDAprojects/SystemDesign/work/virtualprototyping/YurunWu/etiss/0.4.3_lite_CortexM0/JITImpl/CMakeLists.txt">
          <Option virtualFolder="CMake Files\JITImpl\" />
      </Unit>
      <Unit filename="/nfs/TUEIEDAprojects/SystemDesign/work/virtualprototyping/YurunWu/etiss/0.4.3_lite_CortexM0/JITImpl/TCC/CMakeLists.txt">
          <Option virtualFolder="CMake Files\JITImpl\TCC\" />
      </Unit>
      <Unit filename="/nfs/TUEIEDAprojects/SystemDesign/work/virtualprototyping/YurunWu/etiss/0.4.3_lite_CortexM0/JITImpl/TCC/CMakeLists.txt">
          <Option virtualFolder="CMake Files\JITImpl\TCC\" />
      </Unit>
      <Unit filename="/nfs/TUEIEDAprojects/SystemDesign/work/virtualprototyping/YurunWu/etiss/0.4.3_lite_CortexM0/JITImpl/TCC/CMakeLists.txt">
          <Option virtualFolder="CMake Files\JITImpl\TCC\" />
      </Unit>
      <Unit filename="/nfs/TUEIEDAprojects/SystemDesign/work/virtualprototyping/YurunWu/etiss/0.4.3_lite_CortexM0/JITImpl/TCC/CMakeLists.txt">
          <Option virtualFolder="CMake Files\JITImpl\TCC\" />
      </Unit>
      <Unit filename="/nfs/TUEIEDAprojects/SystemDesign/work/virtualprototyping/YurunWu/etiss/0.4.3_lite_CortexM0/JITImpl/LLVM/CMakeLists.txt">
          <Option virtualFolder="CMake Files\JITImpl\LLVM\" />
      </Unit>
      <Unit filename="/nfs/TUEIEDAprojects/SystemDesign/work/virtualprototyping/YurunWu/etiss/0.4.3_lite_CortexM0/JITImpl/LLVM/CMakeLists.txt">
          <Option virtualFolder="CMake Files\JITImpl\LLVM\" />
      </Unit>
      <Unit filename="/nfs/TUEIEDAprojects/SystemDesign/work/virtualprototyping/YurunWu/etiss/0.4.3_lite_CortexM0/JITImpl/GCC/CMakeLists.txt">
          <Option virtualFolder="CMake Files\JITImpl\GCC\" />
      </Unit>
      <Unit filename="/nfs/TUEIEDAprojects/SystemDesign/work/virtualprototyping/YurunWu/etiss/0.4.3_lite_CortexM0/JITImpl/GCC/CMakeLists.txt">
          <Option virtualFolder="CMake Files\JITImpl\GCC\" />
      </Unit>
      <Unit filename="/nfs/TUEIEDAprojects/SystemDesign/work/virtualprototyping/YurunWu/etiss/0.4.3_lite_CortexM0/JITImpl/GCC/CMakeLists.txt">
          <Option virtualFolder="CMake Files\JITImpl\GCC\" />
      </Unit>
      <Unit filename="/nfs/TUEIEDAprojects/SystemDesign/work/virtualprototyping/YurunWu/etiss/0.4.3_lite_CortexM0/JITImpl/GCC/CMakeLists.txt">
          <Option virtualFolder="CMake Files\JITImpl\GCC\" />
      </Unit>
      <Unit filename="/nfs/TUEIEDAprojects/SystemDesign/work/virtualprototyping/YurunWu/etiss/0.4.3_lite_CortexM0/PluginImpl/CMakeLists.txt">
          <Option virtualFolder="CMake Files\PluginImpl\" />
      </Unit>
      <Unit filename="/nfs/TUEIEDAprojects/SystemDesign/work/virtualprototyping/YurunWu/etiss/0.4.3_lite_CortexM0/examples/CMakeLists.txt">
          <Option virtualFolder="CMake Files\examples\" />
      </Unit>
      <Unit filename="/nfs/TUEIEDAprojects/SystemDesign/work/virtualprototyping/YurunWu/etiss/0.4.3_lite_CortexM0/examples/systemc/CMakeLists.txt">
          <Option virtualFolder="CMake Files\examples\systemc\" />
      </Unit>
      <Unit filename="/nfs/TUEIEDAprojects/SystemDesign/work/virtualprototyping/YurunWu/etiss/0.4.3_lite_CortexM0/examples/systemc/FindSystemC.cmake">
          <Option virtualFolder="CMake Files\examples\systemc\" />
      </Unit>
      <Unit filename="/nfs/TUEIEDAprojects/SystemDesign/work/virtualprototyping/YurunWu/etiss/0.4.3_lite_CortexM0/examples/systemc/Makefile.in">
          <Option virtualFolder="CMake Files\examples\systemc\" />
      </Unit>
      <Unit filename="/nfs/TUEIEDAprojects/SystemDesign/work/virtualprototyping/YurunWu/etiss/0.4.3_lite_CortexM0/examples/systemc/CMakeLists.txt">
          <Option virtualFolder="CMake Files\examples\systemc\" />
      </Unit>
      <Unit filename="/nfs/TUEIEDAprojects/SystemDesign/work/virtualprototyping/YurunWu/etiss/0.4.3_lite_CortexM0/examples/systemc/FindSystemC.cmake">
          <Option virtualFolder="CMake Files\examples\systemc\" />
      </Unit>
      <Unit filename="/nfs/TUEIEDAprojects/SystemDesign/work/virtualprototyping/YurunWu/etiss/0.4.3_lite_CortexM0/examples/systemc/Makefile.in">
          <Option virtualFolder="CMake Files\examples\systemc\" />
      </Unit>
      <Unit filename="/nfs/TUEIEDAprojects/SystemDesign/work/virtualprototyping/YurunWu/etiss/0.4.3_lite_CortexM0/examples/SW/CMakeLists.txt">
          <Option virtualFolder="CMake Files\examples\SW\" />
      </Unit>
      <Unit filename="/nfs/TUEIEDAprojects/SystemDesign/work/virtualprototyping/YurunWu/etiss/0.4.3_lite_CortexM0/examples/SW/CMakeLists.txt">
          <Option virtualFolder="CMake Files\examples\SW\" />
      </Unit>
      <Unit filename="/nfs/TUEIEDAprojects/SystemDesign/work/virtualprototyping/YurunWu/etiss/0.4.3_lite_CortexM0/examples/bare_etiss_processor/CMakeLists.txt">
          <Option virtualFolder="CMake Files\examples\bare_etiss_processor\" />
      </Unit>
      <Unit filename="/nfs/TUEIEDAprojects/SystemDesign/work/virtualprototyping/YurunWu/etiss/0.4.3_lite_CortexM0/examples/bare_etiss_processor/CMakeLists.txt.in">
          <Option virtualFolder="CMake Files\examples\bare_etiss_processor\" />
      </Unit>
      <Unit filename="/nfs/TUEIEDAprojects/SystemDesign/work/virtualprototyping/YurunWu/etiss/0.4.3_lite_CortexM0/examples/bare_etiss_processor/CMakeLists.txt">
          <Option virtualFolder="CMake Files\examples\bare_etiss_processor\" />
      </Unit>
      <Unit filename="/nfs/TUEIEDAprojects/SystemDesign/work/virtualprototyping/YurunWu/etiss/0.4.3_lite_CortexM0/examples/bare_etiss_processor/CMakeLists.txt.in">
          <Option virtualFolder="CMake Files\examples\bare_etiss_processor\" />
      </Unit>
      <Unit filename="/nfs/TUEIEDAprojects/SystemDesign/work/virtualprototyping/YurunWu/etiss/0.4.3_lite_CortexM0/systemc/CMakeLists.txt">
          <Option virtualFolder="CMake Files\systemc\" />
      </Unit>
      <Unit filename="/nfs/TUEIEDAprojects/SystemDesign/work/virtualprototyping/YurunWu/etiss/0.4.3_lite_CortexM0/systemc/FindSystemC.cmake">
          <Option virtualFolder="CMake Files\systemc\" />
      </Unit>
   </Project>
</CodeBlocks_project_file>
